
Microsoft Visual Studio Solution File, Format Version 12.00
# Visual Studio Version 16
VisualStudioVersion = 16.0.29806.167
MinimumVisualStudioVersion = 10.0.40219.1
Project("{FAE04EC0-301F-11D3-BF4B-00C04F79EFBC}") = "CodingTestProj", "CodingTestProj\CodingTestProj.csproj", "{908718C6-1144-4AE3-82D9-AD45F8865E1F}"
EndProject
Global
	GlobalSection(SolutionConfigurationPlatforms) = preSolution
		Debug|Any CPU = Debug|Any CPU
		Release|Any CPU = Release|Any CPU
	EndGlobalSection
	GlobalSection(ProjectConfigurationPlatforms) = postSolution
		{908718C6-1144-4AE3-82D9-AD45F8865E1F}.Debug|Any CPU.ActiveCfg = Debug|Any CPU
		{908718C6-1144-4AE3-82D9-AD45F8865E1F}.Debug|Any CPU.Build.0 = Debug|Any CPU
		{908718C6-1144-4AE3-82D9-AD45F8865E1F}.Release|Any CPU.ActiveCfg = Release|Any CPU
		{908718C6-1144-4AE3-82D9-AD45F8865E1F}.Release|Any CPU.Build.0 = Release|Any CPU
	EndGlobalSection
	GlobalSection(SolutionProperties) = preSolution
		HideSolutionNode = FALSE
	EndGlobalSection
	GlobalSection(ExtensibilityGlobals) = postSolution
		SolutionGuid = {5DADC40B-76F5-4C96-B43E-743B89F82780}
	EndGlobalSection
EndGlobal
